// !$*UTF8*$!
{
	archiveVersion = 1;
	classes = {
	};
	objectVersion = 48;
	objects = {

/* Begin PBXBuildFile section */
		499F5055BB9FAA08AD007A31 /* Pods_Algorithms.framework in Frameworks */ = {isa = PBXBuildFile; fileRef = C03F9D7424829753B2FEF31E /* Pods_Algorithms.framework */; };
		9B0E97D21F6026DF00D9B050 /* GraphView.xib in Resources */ = {isa = PBXBuildFile; fileRef = 9B0E97D11F6026DF00D9B050 /* GraphView.xib */; };
		9B0E97D41F6026F400D9B050 /* GraphView.swift in Sources */ = {isa = PBXBuildFile; fileRef = 9B0E97D31F6026F400D9B050 /* GraphView.swift */; };
		9B0E97D61F6027FE00D9B050 /* VerticeView.swift in Sources */ = {isa = PBXBuildFile; fileRef = 9B0E97D51F6027FE00D9B050 /* VerticeView.swift */; };
		9B0E97D81F6047BC00D9B050 /* Graph.swift in Sources */ = {isa = PBXBuildFile; fileRef = 9B0E97D71F60479700D9B050 /* Graph.swift */; };
		9B2143251F617E7200AEFCB9 /* GraphInfoView.xib in Resources */ = {isa = PBXBuildFile; fileRef = 9B2143241F617E7200AEFCB9 /* GraphInfoView.xib */; };
		9B2143271F617F1D00AEFCB9 /* GraphInfoView.swift in Sources */ = {isa = PBXBuildFile; fileRef = 9B2143261F617F1D00AEFCB9 /* GraphInfoView.swift */; };
		9B227C151F65646300499D33 /* ChartView.xib in Resources */ = {isa = PBXBuildFile; fileRef = 9B227C141F65646300499D33 /* ChartView.xib */; };
		9B227C171F656BC000499D33 /* ChartView.swift in Sources */ = {isa = PBXBuildFile; fileRef = 9B227C161F656BC000499D33 /* ChartView.swift */; };
		9B2ECDF2217876C900CB1556 /* TabBarController.swift in Sources */ = {isa = PBXBuildFile; fileRef = 9B2ECDF1217876C800CB1556 /* TabBarController.swift */; };
		9B2ECDFA2178918F00CB1556 /* AlgorithmsTests.swift in Sources */ = {isa = PBXBuildFile; fileRef = 9B2ECDF92178918F00CB1556 /* AlgorithmsTests.swift */; };
		9B2ECE022178AB7100CB1556 /* BellmanFord.swift in Sources */ = {isa = PBXBuildFile; fileRef = 9B2ECE012178AB7100CB1556 /* BellmanFord.swift */; };
		9B2ECE042178AB7800CB1556 /* BFS.swift in Sources */ = {isa = PBXBuildFile; fileRef = 9B2ECE032178AB7800CB1556 /* BFS.swift */; };
		9B2ECE062178AB7C00CB1556 /* Dijkstra.swift in Sources */ = {isa = PBXBuildFile; fileRef = 9B2ECE052178AB7B00CB1556 /* Dijkstra.swift */; };
		9B2ECE092178AD3200CB1556 /* GraphTableViewCell.xib in Resources */ = {isa = PBXBuildFile; fileRef = 9B2ECE072178AD3100CB1556 /* GraphTableViewCell.xib */; };
		9B2ECE0A2178AD3200CB1556 /* GraphTableViewCell.swift in Sources */ = {isa = PBXBuildFile; fileRef = 9B2ECE082178AD3200CB1556 /* GraphTableViewCell.swift */; };
		9B3F5E141F5995BB00A3D84C /* SortingTableViewCell.xib in Resources */ = {isa = PBXBuildFile; fileRef = 9B3F5E131F5995BA00A3D84C /* SortingTableViewCell.xib */; };
		9B3F5E161F5996E000A3D84C /* SortingTableViewCell.swift in Sources */ = {isa = PBXBuildFile; fileRef = 9B3F5E151F5996E000A3D84C /* SortingTableViewCell.swift */; };
		9B3FA2DE1F5A9D870076106D /* QuickSort.swift in Sources */ = {isa = PBXBuildFile; fileRef = 9B3FA2DD1F5A9D870076106D /* QuickSort.swift */; };
		9B3FA2E01F5AA2380076106D /* MergeSort.swift in Sources */ = {isa = PBXBuildFile; fileRef = 9B3FA2DF1F5AA2380076106D /* MergeSort.swift */; };
		9B52E6A41F5EBDC200CC630B /* SCMergeSort.swift in Resources */ = {isa = PBXBuildFile; fileRef = 9B59B9D71F5EB6B2006524B4 /* SCMergeSort.swift */; };
		9B52E6A51F5EBDC400CC630B /* SCMergeSort.c in Resources */ = {isa = PBXBuildFile; fileRef = 9B52E6A21F5EBBFE00CC630B /* SCMergeSort.c */; };
		9B52E6AB1F5EC05A00CC630B /* SCHeapSort.swift in Resources */ = {isa = PBXBuildFile; fileRef = 9B52E6A71F5EBE3E00CC630B /* SCHeapSort.swift */; };
		9B52E6AC1F5EC05C00CC630B /* SCHeapSort.c in Resources */ = {isa = PBXBuildFile; fileRef = 9B52E6A91F5EC02400CC630B /* SCHeapSort.c */; };
		9B52E6B11F5EC4AF00CC630B /* SCInsertionSort.java in Resources */ = {isa = PBXBuildFile; fileRef = 9B52E6AD1F5EC36400CC630B /* SCInsertionSort.java */; };
		9B52E6B21F5EC4B100CC630B /* SCSelectionSort.java in Resources */ = {isa = PBXBuildFile; fileRef = 9B52E6AF1F5EC46500CC630B /* SCSelectionSort.java */; };
		9B52E6BB1F5ED41E00CC630B /* SCBubbleSort.java in Resources */ = {isa = PBXBuildFile; fileRef = 9B52E6B31F5ECE0800CC630B /* SCBubbleSort.java */; };
		9B52E6BC1F5ED42300CC630B /* SCQuickSort.java in Resources */ = {isa = PBXBuildFile; fileRef = 9B52E6B51F5ED05F00CC630B /* SCQuickSort.java */; };
		9B52E6BD1F5ED42600CC630B /* SCMergeSort.java in Resources */ = {isa = PBXBuildFile; fileRef = 9B52E6B71F5ED21E00CC630B /* SCMergeSort.java */; };
		9B52E6BE1F5ED42800CC630B /* SCHeapSort.java in Resources */ = {isa = PBXBuildFile; fileRef = 9B52E6B91F5ED2A300CC630B /* SCHeapSort.java */; };
		9B59B4701F618D1D006843A3 /* GraphSolutionStep.swift in Sources */ = {isa = PBXBuildFile; fileRef = 9B59B46F1F618D1D006843A3 /* GraphSolutionStep.swift */; };
		9B59B9C11F5E8FA5006524B4 /* Languages.swift in Sources */ = {isa = PBXBuildFile; fileRef = 9B59B9C01F5E8FA5006524B4 /* Languages.swift */; };
		9B59B9C51F5E9C04006524B4 /* SCSelectionSort.swift in Resources */ = {isa = PBXBuildFile; fileRef = 9B59B9C31F5E9BC0006524B4 /* SCSelectionSort.swift */; };
		9B59B9C81F5EA6B3006524B4 /* SCSelectionSort.c in Resources */ = {isa = PBXBuildFile; fileRef = 9B59B9C61F5E9C57006524B4 /* SCSelectionSort.c */; };
		9B59B9CE1F5EAFD5006524B4 /* SCBubbleSort.swift in Resources */ = {isa = PBXBuildFile; fileRef = 9B59B9CA1F5EAE74006524B4 /* SCBubbleSort.swift */; };
		9B59B9CF1F5EAFD8006524B4 /* SCBubbleSort.c in Resources */ = {isa = PBXBuildFile; fileRef = 9B59B9CC1F5EAF9A006524B4 /* SCBubbleSort.c */; };
		9B59B9D51F5EB5A6006524B4 /* SCQuickSort.swift in Resources */ = {isa = PBXBuildFile; fileRef = 9B59B9D11F5EB01C006524B4 /* SCQuickSort.swift */; };
		9B59B9D61F5EB5A9006524B4 /* SCQuickSort.c in Resources */ = {isa = PBXBuildFile; fileRef = 9B59B9D31F5EB57F006524B4 /* SCQuickSort.c */; };
		9B5A1B521F628434002AD785 /* AlgorithmInterface.swift in Sources */ = {isa = PBXBuildFile; fileRef = 9B5A1B511F628434002AD785 /* AlgorithmInterface.swift */; };
		9B6C9B7D1F594FB700F812EB /* AppDelegate.swift in Sources */ = {isa = PBXBuildFile; fileRef = 9B6C9B7C1F594FB700F812EB /* AppDelegate.swift */; };
		9B6C9B821F594FB700F812EB /* Main.storyboard in Resources */ = {isa = PBXBuildFile; fileRef = 9B6C9B801F594FB700F812EB /* Main.storyboard */; };
		9B6C9B841F594FB700F812EB /* Assets.xcassets in Resources */ = {isa = PBXBuildFile; fileRef = 9B6C9B831F594FB700F812EB /* Assets.xcassets */; };
		9B6C9B871F594FB700F812EB /* LaunchScreen.storyboard in Resources */ = {isa = PBXBuildFile; fileRef = 9B6C9B851F594FB700F812EB /* LaunchScreen.storyboard */; };
		9B6C9BBD1F59581100F812EB /* Sorting.storyboard in Resources */ = {isa = PBXBuildFile; fileRef = 9B6C9BBC1F59581100F812EB /* Sorting.storyboard */; };
		9B6C9BBF1F59582000F812EB /* Graph.storyboard in Resources */ = {isa = PBXBuildFile; fileRef = 9B6C9BBE1F59582000F812EB /* Graph.storyboard */; };
		9B6C9BC11F5958EE00F812EB /* GraphTableViewController.swift in Sources */ = {isa = PBXBuildFile; fileRef = 9B6C9BC01F5958EE00F812EB /* GraphTableViewController.swift */; };
		9B6C9BC31F5958FF00F812EB /* SortingTableViewController.swift in Sources */ = {isa = PBXBuildFile; fileRef = 9B6C9BC21F5958FF00F812EB /* SortingTableViewController.swift */; };
		9B7639631F66900100926C8F /* SCBFS in Resources */ = {isa = PBXBuildFile; fileRef = 9B7639621F66900100926C8F /* SCBFS */; };
		9B7639661F66948C00926C8F /* SCBellmanFord in Resources */ = {isa = PBXBuildFile; fileRef = 9B7639641F66936300926C8F /* SCBellmanFord */; };
		9B7639681F6698B000926C8F /* SCDijkstra in Resources */ = {isa = PBXBuildFile; fileRef = 9B7639671F6698B000926C8F /* SCDijkstra */; };
		9B8312B01F616ED3009269C1 /* GraphInterface.swift in Sources */ = {isa = PBXBuildFile; fileRef = 9B8312AF1F616ED3009269C1 /* GraphInterface.swift */; };
		9B8361441F59C25A003F700E /* SortingView.swift in Sources */ = {isa = PBXBuildFile; fileRef = 9B8361431F59C25A003F700E /* SortingView.swift */; };
		9B89FF931F6000B800266232 /* GraphViewController.swift in Sources */ = {isa = PBXBuildFile; fileRef = 9B9C67F21F5FFA0800CC7074 /* GraphViewController.swift */; };
		9B89FF951F60013200266232 /* SettingsViewDelegate.swift in Sources */ = {isa = PBXBuildFile; fileRef = 9B89FF941F60013200266232 /* SettingsViewDelegate.swift */; };
		9B94C18F1F5C03170031E622 /* SortSolutionStep.swift in Sources */ = {isa = PBXBuildFile; fileRef = 9B94C18E1F5C03170031E622 /* SortSolutionStep.swift */; };
		9B94C1911F5C0FEA0031E622 /* NumberOrder.swift in Sources */ = {isa = PBXBuildFile; fileRef = 9B94C1901F5C0FEA0031E622 /* NumberOrder.swift */; };
		9B94C1951F5C3A340031E622 /* BubbleSort.swift in Sources */ = {isa = PBXBuildFile; fileRef = 9B94C1941F5C3A340031E622 /* BubbleSort.swift */; };
		9B94C1971F5C48ED0031E622 /* HeapSort.swift in Sources */ = {isa = PBXBuildFile; fileRef = 9B94C1961F5C48ED0031E622 /* HeapSort.swift */; };
		9B996F991F5C550A00DB544B /* SortingInfoView.xib in Resources */ = {isa = PBXBuildFile; fileRef = 9B996F981F5C550A00DB544B /* SortingInfoView.xib */; };
		9B996F9B1F5C553300DB544B /* SortingInfoView.swift in Sources */ = {isa = PBXBuildFile; fileRef = 9B996F9A1F5C553300DB544B /* SortingInfoView.swift */; };
		9B996F9F1F5D5D2000DB544B /* CodeView.swift in Sources */ = {isa = PBXBuildFile; fileRef = 9B996F9E1F5D5D2000DB544B /* CodeView.swift */; };
		9BA0E3491F5DAC800074909C /* SCInsertionSort.c in Resources */ = {isa = PBXBuildFile; fileRef = 9BA0E3471F5DAC2E0074909C /* SCInsertionSort.c */; };
		9BA0E34E1F5DAE4D0074909C /* SCInsertionSort.swift in Resources */ = {isa = PBXBuildFile; fileRef = 9BA0E34C1F5DAE260074909C /* SCInsertionSort.swift */; };
		9BA0E3521F5DBEBB0074909C /* DragView.swift in Sources */ = {isa = PBXBuildFile; fileRef = 9BA0E3511F5DBEBA0074909C /* DragView.swift */; };
		9BB5B73E1F5D664100975E1D /* SyntaxHighlightTextStorage.swift in Sources */ = {isa = PBXBuildFile; fileRef = 9BB5B73D1F5D664100975E1D /* SyntaxHighlightTextStorage.swift */; };
		9BB5B7441F5D809400975E1D /* LanguageSyntax.plist in Resources */ = {isa = PBXBuildFile; fileRef = 9BB5B7431F5D809400975E1D /* LanguageSyntax.plist */; };
		9BB5B7461F5D838E00975E1D /* UIColorExtension.swift in Sources */ = {isa = PBXBuildFile; fileRef = 9BB5B7451F5D838E00975E1D /* UIColorExtension.swift */; };
		9BC89ECB1F599F3900450DE9 /* SortingViewController.swift in Sources */ = {isa = PBXBuildFile; fileRef = 9BC89ECA1F599F3900450DE9 /* SortingViewController.swift */; };
		9BC89ED11F59AAB600450DE9 /* SettingsView.swift in Sources */ = {isa = PBXBuildFile; fileRef = 9BC89ED01F59AAB600450DE9 /* SettingsView.swift */; };
		9BC89ED31F59AAE200450DE9 /* SettingsView.xib in Resources */ = {isa = PBXBuildFile; fileRef = 9BC89ED21F59AAE200450DE9 /* SettingsView.xib */; };
		9BE5BB101F59784500918A17 /* UIImageExtension.swift in Sources */ = {isa = PBXBuildFile; fileRef = 9BE5BB0F1F59784500918A17 /* UIImageExtension.swift */; };
		9BE5BB161F597A9600918A17 /* SortInterface.swift in Sources */ = {isa = PBXBuildFile; fileRef = 9BE5BB151F597A9600918A17 /* SortInterface.swift */; };
		9BE5BB1A1F597B9000918A17 /* InsertionSort.swift in Sources */ = {isa = PBXBuildFile; fileRef = 9BE5BB191F597B9000918A17 /* InsertionSort.swift */; };
		9BE5BB1C1F597D2500918A17 /* SelectionSort.swift in Sources */ = {isa = PBXBuildFile; fileRef = 9BE5BB1B1F597D2500918A17 /* SelectionSort.swift */; };
/* End PBXBuildFile section */

/* Begin PBXContainerItemProxy section */
		9B2ECDFC2178918F00CB1556 /* PBXContainerItemProxy */ = {
			isa = PBXContainerItemProxy;
			containerPortal = 9B6C9B711F594FB700F812EB /* Project object */;
			proxyType = 1;
			remoteGlobalIDString = 9B6C9B781F594FB700F812EB;
			remoteInfo = Algorithms;
		};
/* End PBXContainerItemProxy section */

/* Begin PBXFileReference section */
		4B7024F54584F98FCFF169A2 /* Pods-Algorithms.debug.xcconfig */ = {isa = PBXFileReference; includeInIndex = 1; lastKnownFileType = text.xcconfig; name = "Pods-Algorithms.debug.xcconfig"; path = "Pods/Target Support Files/Pods-Algorithms/Pods-Algorithms.debug.xcconfig"; sourceTree = "<group>"; };
		834C14D89893B0924981AE20 /* Pods-AlgorithmsTests.debug.xcconfig */ = {isa = PBXFileReference; includeInIndex = 1; lastKnownFileType = text.xcconfig; name = "Pods-AlgorithmsTests.debug.xcconfig"; path = "Pods/Target Support Files/Pods-AlgorithmsTests/Pods-AlgorithmsTests.debug.xcconfig"; sourceTree = "<group>"; };
		9B0E97D11F6026DF00D9B050 /* GraphView.xib */ = {isa = PBXFileReference; lastKnownFileType = file.xib; path = GraphView.xib; sourceTree = "<group>"; };
		9B0E97D31F6026F400D9B050 /* GraphView.swift */ = {isa = PBXFileReference; lastKnownFileType = sourcecode.swift; path = GraphView.swift; sourceTree = "<group>"; };
		9B0E97D51F6027FE00D9B050 /* VerticeView.swift */ = {isa = PBXFileReference; lastKnownFileType = sourcecode.swift; path = VerticeView.swift; sourceTree = "<group>"; };
		9B0E97D71F60479700D9B050 /* Graph.swift */ = {isa = PBXFileReference; lastKnownFileType = sourcecode.swift; path = Graph.swift; sourceTree = "<group>"; };
		9B2143241F617E7200AEFCB9 /* GraphInfoView.xib */ = {isa = PBXFileReference; lastKnownFileType = file.xib; path = GraphInfoView.xib; sourceTree = "<group>"; };
		9B2143261F617F1D00AEFCB9 /* GraphInfoView.swift */ = {isa = PBXFileReference; lastKnownFileType = sourcecode.swift; path = GraphInfoView.swift; sourceTree = "<group>"; };
		9B227C141F65646300499D33 /* ChartView.xib */ = {isa = PBXFileReference; lastKnownFileType = file.xib; path = ChartView.xib; sourceTree = "<group>"; };
		9B227C161F656BC000499D33 /* ChartView.swift */ = {isa = PBXFileReference; lastKnownFileType = sourcecode.swift; path = ChartView.swift; sourceTree = "<group>"; };
		9B2ECDF1217876C800CB1556 /* TabBarController.swift */ = {isa = PBXFileReference; fileEncoding = 4; lastKnownFileType = sourcecode.swift; path = TabBarController.swift; sourceTree = "<group>"; };
		9B2ECDF72178918E00CB1556 /* AlgorithmsTests.xctest */ = {isa = PBXFileReference; explicitFileType = wrapper.cfbundle; includeInIndex = 0; path = AlgorithmsTests.xctest; sourceTree = BUILT_PRODUCTS_DIR; };
		9B2ECDF92178918F00CB1556 /* AlgorithmsTests.swift */ = {isa = PBXFileReference; lastKnownFileType = sourcecode.swift; path = AlgorithmsTests.swift; sourceTree = "<group>"; };
		9B2ECDFB2178918F00CB1556 /* Info.plist */ = {isa = PBXFileReference; lastKnownFileType = text.plist.xml; path = Info.plist; sourceTree = "<group>"; };
		9B2ECE012178AB7100CB1556 /* BellmanFord.swift */ = {isa = PBXFileReference; fileEncoding = 4; lastKnownFileType = sourcecode.swift; name = BellmanFord.swift; path = "Algorithms/Graph/Graph Algorithms/SSSP/BellmanFord.swift"; sourceTree = SOURCE_ROOT; };
		9B2ECE032178AB7800CB1556 /* BFS.swift */ = {isa = PBXFileReference; fileEncoding = 4; lastKnownFileType = sourcecode.swift; name = BFS.swift; path = "Algorithms/Graph/Graph Algorithms/SSSP/BFS.swift"; sourceTree = SOURCE_ROOT; };
		9B2ECE052178AB7B00CB1556 /* Dijkstra.swift */ = {isa = PBXFileReference; fileEncoding = 4; lastKnownFileType = sourcecode.swift; name = Dijkstra.swift; path = "Algorithms/Graph/Graph Algorithms/SSSP/Dijkstra.swift"; sourceTree = SOURCE_ROOT; };
		9B2ECE072178AD3100CB1556 /* GraphTableViewCell.xib */ = {isa = PBXFileReference; fileEncoding = 4; lastKnownFileType = file.xib; name = GraphTableViewCell.xib; path = "Algorithms/Graph/TableView Cells/GraphTableViewCell.xib"; sourceTree = SOURCE_ROOT; };
		9B2ECE082178AD3200CB1556 /* GraphTableViewCell.swift */ = {isa = PBXFileReference; fileEncoding = 4; lastKnownFileType = sourcecode.swift; name = GraphTableViewCell.swift; path = "Algorithms/Graph/TableView Cells/GraphTableViewCell.swift"; sourceTree = SOURCE_ROOT; };
		9B3F5E131F5995BA00A3D84C /* SortingTableViewCell.xib */ = {isa = PBXFileReference; lastKnownFileType = file.xib; path = SortingTableViewCell.xib; sourceTree = "<group>"; };
		9B3F5E151F5996E000A3D84C /* SortingTableViewCell.swift */ = {isa = PBXFileReference; lastKnownFileType = sourcecode.swift; path = SortingTableViewCell.swift; sourceTree = "<group>"; };
		9B3FA2DD1F5A9D870076106D /* QuickSort.swift */ = {isa = PBXFileReference; lastKnownFileType = sourcecode.swift; path = QuickSort.swift; sourceTree = "<group>"; };
		9B3FA2DF1F5AA2380076106D /* MergeSort.swift */ = {isa = PBXFileReference; lastKnownFileType = sourcecode.swift; path = MergeSort.swift; sourceTree = "<group>"; };
		9B52E6A21F5EBBFE00CC630B /* SCMergeSort.c */ = {isa = PBXFileReference; explicitFileType = text; path = SCMergeSort.c; sourceTree = "<group>"; };
		9B52E6A71F5EBE3E00CC630B /* SCHeapSort.swift */ = {isa = PBXFileReference; explicitFileType = text; path = SCHeapSort.swift; sourceTree = "<group>"; };
		9B52E6A91F5EC02400CC630B /* SCHeapSort.c */ = {isa = PBXFileReference; explicitFileType = text; path = SCHeapSort.c; sourceTree = "<group>"; };
		9B52E6AD1F5EC36400CC630B /* SCInsertionSort.java */ = {isa = PBXFileReference; explicitFileType = text; path = SCInsertionSort.java; sourceTree = "<group>"; };
		9B52E6AF1F5EC46500CC630B /* SCSelectionSort.java */ = {isa = PBXFileReference; explicitFileType = text; path = SCSelectionSort.java; sourceTree = "<group>"; };
		9B52E6B31F5ECE0800CC630B /* SCBubbleSort.java */ = {isa = PBXFileReference; explicitFileType = text; path = SCBubbleSort.java; sourceTree = "<group>"; };
		9B52E6B51F5ED05F00CC630B /* SCQuickSort.java */ = {isa = PBXFileReference; explicitFileType = text; path = SCQuickSort.java; sourceTree = "<group>"; };
		9B52E6B71F5ED21E00CC630B /* SCMergeSort.java */ = {isa = PBXFileReference; explicitFileType = text; path = SCMergeSort.java; sourceTree = "<group>"; };
		9B52E6B91F5ED2A300CC630B /* SCHeapSort.java */ = {isa = PBXFileReference; explicitFileType = text; path = SCHeapSort.java; sourceTree = "<group>"; };
		9B59B46F1F618D1D006843A3 /* GraphSolutionStep.swift */ = {isa = PBXFileReference; lastKnownFileType = sourcecode.swift; path = GraphSolutionStep.swift; sourceTree = "<group>"; };
		9B59B9C01F5E8FA5006524B4 /* Languages.swift */ = {isa = PBXFileReference; lastKnownFileType = sourcecode.swift; name = Languages.swift; path = Sorting/Languages.swift; sourceTree = "<group>"; };
		9B59B9C31F5E9BC0006524B4 /* SCSelectionSort.swift */ = {isa = PBXFileReference; explicitFileType = text; path = SCSelectionSort.swift; sourceTree = "<group>"; };
		9B59B9C61F5E9C57006524B4 /* SCSelectionSort.c */ = {isa = PBXFileReference; explicitFileType = text; path = SCSelectionSort.c; sourceTree = "<group>"; };
		9B59B9CA1F5EAE74006524B4 /* SCBubbleSort.swift */ = {isa = PBXFileReference; explicitFileType = text; path = SCBubbleSort.swift; sourceTree = "<group>"; };
		9B59B9CC1F5EAF9A006524B4 /* SCBubbleSort.c */ = {isa = PBXFileReference; explicitFileType = text; path = SCBubbleSort.c; sourceTree = "<group>"; };
		9B59B9D11F5EB01C006524B4 /* SCQuickSort.swift */ = {isa = PBXFileReference; explicitFileType = text; path = SCQuickSort.swift; sourceTree = "<group>"; };
		9B59B9D31F5EB57F006524B4 /* SCQuickSort.c */ = {isa = PBXFileReference; explicitFileType = text; path = SCQuickSort.c; sourceTree = "<group>"; };
		9B59B9D71F5EB6B2006524B4 /* SCMergeSort.swift */ = {isa = PBXFileReference; explicitFileType = text; path = SCMergeSort.swift; sourceTree = "<group>"; };
		9B5A1B511F628434002AD785 /* AlgorithmInterface.swift */ = {isa = PBXFileReference; lastKnownFileType = sourcecode.swift; path = AlgorithmInterface.swift; sourceTree = "<group>"; };
		9B6C9B791F594FB700F812EB /* Algorithms.app */ = {isa = PBXFileReference; explicitFileType = wrapper.application; includeInIndex = 0; path = Algorithms.app; sourceTree = BUILT_PRODUCTS_DIR; };
		9B6C9B7C1F594FB700F812EB /* AppDelegate.swift */ = {isa = PBXFileReference; lastKnownFileType = sourcecode.swift; path = AppDelegate.swift; sourceTree = "<group>"; };
		9B6C9B811F594FB700F812EB /* Base */ = {isa = PBXFileReference; lastKnownFileType = file.storyboard; name = Base; path = Base.lproj/Main.storyboard; sourceTree = "<group>"; };
		9B6C9B831F594FB700F812EB /* Assets.xcassets */ = {isa = PBXFileReference; lastKnownFileType = folder.assetcatalog; path = Assets.xcassets; sourceTree = "<group>"; };
		9B6C9B861F594FB700F812EB /* Base */ = {isa = PBXFileReference; lastKnownFileType = file.storyboard; name = Base; path = Base.lproj/LaunchScreen.storyboard; sourceTree = "<group>"; };
		9B6C9B881F594FB700F812EB /* Info.plist */ = {isa = PBXFileReference; lastKnownFileType = text.plist.xml; path = Info.plist; sourceTree = "<group>"; };
		9B6C9BBC1F59581100F812EB /* Sorting.storyboard */ = {isa = PBXFileReference; lastKnownFileType = file.storyboard; path = Sorting.storyboard; sourceTree = "<group>"; };
		9B6C9BBE1F59582000F812EB /* Graph.storyboard */ = {isa = PBXFileReference; lastKnownFileType = file.storyboard; path = Graph.storyboard; sourceTree = "<group>"; };
		9B6C9BC01F5958EE00F812EB /* GraphTableViewController.swift */ = {isa = PBXFileReference; lastKnownFileType = sourcecode.swift; path = GraphTableViewController.swift; sourceTree = "<group>"; };
		9B6C9BC21F5958FF00F812EB /* SortingTableViewController.swift */ = {isa = PBXFileReference; lastKnownFileType = sourcecode.swift; path = SortingTableViewController.swift; sourceTree = "<group>"; };
		9B7639621F66900100926C8F /* SCBFS */ = {isa = PBXFileReference; lastKnownFileType = text; path = SCBFS; sourceTree = "<group>"; };
		9B7639641F66936300926C8F /* SCBellmanFord */ = {isa = PBXFileReference; lastKnownFileType = text; path = SCBellmanFord; sourceTree = "<group>"; };
		9B7639671F6698B000926C8F /* SCDijkstra */ = {isa = PBXFileReference; lastKnownFileType = text; path = SCDijkstra; sourceTree = "<group>"; };
		9B8312AF1F616ED3009269C1 /* GraphInterface.swift */ = {isa = PBXFileReference; lastKnownFileType = sourcecode.swift; path = GraphInterface.swift; sourceTree = "<group>"; };
		9B8361431F59C25A003F700E /* SortingView.swift */ = {isa = PBXFileReference; lastKnownFileType = sourcecode.swift; path = SortingView.swift; sourceTree = "<group>"; };
		9B89FF941F60013200266232 /* SettingsViewDelegate.swift */ = {isa = PBXFileReference; lastKnownFileType = sourcecode.swift; path = SettingsViewDelegate.swift; sourceTree = "<group>"; };
		9B94C18E1F5C03170031E622 /* SortSolutionStep.swift */ = {isa = PBXFileReference; lastKnownFileType = sourcecode.swift; path = SortSolutionStep.swift; sourceTree = "<group>"; };
		9B94C1901F5C0FEA0031E622 /* NumberOrder.swift */ = {isa = PBXFileReference; lastKnownFileType = sourcecode.swift; path = NumberOrder.swift; sourceTree = "<group>"; };
		9B94C1941F5C3A340031E622 /* BubbleSort.swift */ = {isa = PBXFileReference; lastKnownFileType = sourcecode.swift; path = BubbleSort.swift; sourceTree = "<group>"; };
		9B94C1961F5C48ED0031E622 /* HeapSort.swift */ = {isa = PBXFileReference; lastKnownFileType = sourcecode.swift; path = HeapSort.swift; sourceTree = "<group>"; };
		9B996F981F5C550A00DB544B /* SortingInfoView.xib */ = {isa = PBXFileReference; lastKnownFileType = file.xib; path = SortingInfoView.xib; sourceTree = "<group>"; };
		9B996F9A1F5C553300DB544B /* SortingInfoView.swift */ = {isa = PBXFileReference; lastKnownFileType = sourcecode.swift; path = SortingInfoView.swift; sourceTree = "<group>"; };
		9B996F9E1F5D5D2000DB544B /* CodeView.swift */ = {isa = PBXFileReference; lastKnownFileType = sourcecode.swift; path = CodeView.swift; sourceTree = "<group>"; };
		9B9C67F21F5FFA0800CC7074 /* GraphViewController.swift */ = {isa = PBXFileReference; lastKnownFileType = sourcecode.swift; path = GraphViewController.swift; sourceTree = "<group>"; };
		9BA0E3471F5DAC2E0074909C /* SCInsertionSort.c */ = {isa = PBXFileReference; explicitFileType = text; path = SCInsertionSort.c; sourceTree = "<group>"; };
		9BA0E34C1F5DAE260074909C /* SCInsertionSort.swift */ = {isa = PBXFileReference; explicitFileType = text; path = SCInsertionSort.swift; sourceTree = "<group>"; };
		9BA0E3511F5DBEBA0074909C /* DragView.swift */ = {isa = PBXFileReference; fileEncoding = 4; lastKnownFileType = sourcecode.swift; path = DragView.swift; sourceTree = "<group>"; };
		9BB5B73D1F5D664100975E1D /* SyntaxHighlightTextStorage.swift */ = {isa = PBXFileReference; fileEncoding = 4; lastKnownFileType = sourcecode.swift; path = SyntaxHighlightTextStorage.swift; sourceTree = "<group>"; };
		9BB5B7431F5D809400975E1D /* LanguageSyntax.plist */ = {isa = PBXFileReference; fileEncoding = 4; lastKnownFileType = text.plist.xml; path = LanguageSyntax.plist; sourceTree = "<group>"; };
		9BB5B7451F5D838E00975E1D /* UIColorExtension.swift */ = {isa = PBXFileReference; lastKnownFileType = sourcecode.swift; name = UIColorExtension.swift; path = Sorting/UIColorExtension.swift; sourceTree = "<group>"; };
		9BC89ECA1F599F3900450DE9 /* SortingViewController.swift */ = {isa = PBXFileReference; lastKnownFileType = sourcecode.swift; path = SortingViewController.swift; sourceTree = "<group>"; };
		9BC89ED01F59AAB600450DE9 /* SettingsView.swift */ = {isa = PBXFileReference; lastKnownFileType = sourcecode.swift; path = SettingsView.swift; sourceTree = "<group>"; };
		9BC89ED21F59AAE200450DE9 /* SettingsView.xib */ = {isa = PBXFileReference; lastKnownFileType = file.xib; path = SettingsView.xib; sourceTree = "<group>"; };
		9BE5BB0F1F59784500918A17 /* UIImageExtension.swift */ = {isa = PBXFileReference; lastKnownFileType = sourcecode.swift; path = UIImageExtension.swift; sourceTree = "<group>"; };
		9BE5BB151F597A9600918A17 /* SortInterface.swift */ = {isa = PBXFileReference; lastKnownFileType = sourcecode.swift; path = SortInterface.swift; sourceTree = "<group>"; };
		9BE5BB191F597B9000918A17 /* InsertionSort.swift */ = {isa = PBXFileReference; lastKnownFileType = sourcecode.swift; path = InsertionSort.swift; sourceTree = "<group>"; };
		9BE5BB1B1F597D2500918A17 /* SelectionSort.swift */ = {isa = PBXFileReference; lastKnownFileType = sourcecode.swift; path = SelectionSort.swift; sourceTree = "<group>"; };
		A1393224ED621E8EB41D0C5B /* Pods-Algorithms.release.xcconfig */ = {isa = PBXFileReference; includeInIndex = 1; lastKnownFileType = text.xcconfig; name = "Pods-Algorithms.release.xcconfig"; path = "Pods/Target Support Files/Pods-Algorithms/Pods-Algorithms.release.xcconfig"; sourceTree = "<group>"; };
		A2AE21D9CEBF31A26F4C522F /* Pods-AlgorithmsTests.release.xcconfig */ = {isa = PBXFileReference; includeInIndex = 1; lastKnownFileType = text.xcconfig; name = "Pods-AlgorithmsTests.release.xcconfig"; path = "Pods/Target Support Files/Pods-AlgorithmsTests/Pods-AlgorithmsTests.release.xcconfig"; sourceTree = "<group>"; };
		C03F9D7424829753B2FEF31E /* Pods_Algorithms.framework */ = {isa = PBXFileReference; explicitFileType = wrapper.framework; includeInIndex = 0; path = Pods_Algorithms.framework; sourceTree = BUILT_PRODUCTS_DIR; };
/* End PBXFileReference section */

/* Begin PBXFrameworksBuildPhase section */
		9B2ECDF42178918E00CB1556 /* Frameworks */ = {
			isa = PBXFrameworksBuildPhase;
			buildActionMask = 2147483647;
			files = (
			);
			runOnlyForDeploymentPostprocessing = 0;
		};
		9B6C9B761F594FB700F812EB /* Frameworks */ = {
			isa = PBXFrameworksBuildPhase;
			buildActionMask = 2147483647;
			files = (
				499F5055BB9FAA08AD007A31 /* Pods_Algorithms.framework in Frameworks */,
			);
			runOnlyForDeploymentPostprocessing = 0;
		};
/* End PBXFrameworksBuildPhase section */

/* Begin PBXGroup section */
		416D4BD9D9BD23D5DABB6D08 /* Frameworks */ = {
			isa = PBXGroup;
			children = (
				C03F9D7424829753B2FEF31E /* Pods_Algorithms.framework */,
			);
			name = Frameworks;
			sourceTree = "<group>";
		};
		9B0E97D01F6026A100D9B050 /* GraphView */ = {
			isa = PBXGroup;
			children = (
				9B0E97D11F6026DF00D9B050 /* GraphView.xib */,
				9B0E97D31F6026F400D9B050 /* GraphView.swift */,
				9B0E97D51F6027FE00D9B050 /* VerticeView.swift */,
			);
			path = GraphView;
			sourceTree = "<group>";
		};
		9B2143231F617E4800AEFCB9 /* GraphInfoView */ = {
			isa = PBXGroup;
			children = (
				9B2143241F617E7200AEFCB9 /* GraphInfoView.xib */,
				9B2143261F617F1D00AEFCB9 /* GraphInfoView.swift */,
			);
			path = GraphInfoView;
			sourceTree = "<group>";
		};
		9B227C0F1F655AEF00499D33 /* Graph */ = {
			isa = PBXGroup;
			children = (
				9B7639621F66900100926C8F /* SCBFS */,
				9B7639671F6698B000926C8F /* SCDijkstra */,
				9B7639641F66936300926C8F /* SCBellmanFord */,
			);
			path = Graph;
			sourceTree = "<group>";
		};
		9B227C131F65644900499D33 /* ChartView */ = {
			isa = PBXGroup;
			children = (
				9B227C141F65646300499D33 /* ChartView.xib */,
				9B227C161F656BC000499D33 /* ChartView.swift */,
			);
			path = ChartView;
			sourceTree = "<group>";
		};
		9B2ECDF82178918F00CB1556 /* AlgorithmsTests */ = {
			isa = PBXGroup;
			children = (
				9B2ECDF92178918F00CB1556 /* AlgorithmsTests.swift */,
				9B2ECDFB2178918F00CB1556 /* Info.plist */,
			);
			path = AlgorithmsTests;
			sourceTree = "<group>";
		};
		9B3F5E121F59958C00A3D84C /* TableView Cells */ = {
			isa = PBXGroup;
			children = (
				9B3F5E131F5995BA00A3D84C /* SortingTableViewCell.xib */,
				9B3F5E151F5996E000A3D84C /* SortingTableViewCell.swift */,
			);
			name = "TableView Cells";
			sourceTree = "<group>";
		};
		9B4269151F66E57B0036DBB0 /* Sorting Algorithms */ = {
			isa = PBXGroup;
			children = (
				9BE5BB151F597A9600918A17 /* SortInterface.swift */,
				9B94C18E1F5C03170031E622 /* SortSolutionStep.swift */,
				9B4269161F66E5A20036DBB0 /* Comparison sorts */,
			);
			path = "Sorting Algorithms";
			sourceTree = "<group>";
		};
		9B4269161F66E5A20036DBB0 /* Comparison sorts */ = {
			isa = PBXGroup;
			children = (
				9BE5BB191F597B9000918A17 /* InsertionSort.swift */,
				9BE5BB1B1F597D2500918A17 /* SelectionSort.swift */,
				9B94C1941F5C3A340031E622 /* BubbleSort.swift */,
				9B3FA2DD1F5A9D870076106D /* QuickSort.swift */,
				9B3FA2DF1F5AA2380076106D /* MergeSort.swift */,
				9B94C1961F5C48ED0031E622 /* HeapSort.swift */,
			);
			path = "Comparison sorts";
			sourceTree = "<group>";
		};
		9B4269171F66E5C70036DBB0 /* Graph Algorithms */ = {
			isa = PBXGroup;
			children = (
				9B0E97D71F60479700D9B050 /* Graph.swift */,
				9B8312AF1F616ED3009269C1 /* GraphInterface.swift */,
				9B59B46F1F618D1D006843A3 /* GraphSolutionStep.swift */,
				9B4269181F66E5F00036DBB0 /* SSSP */,
			);
			path = "Graph Algorithms";
			sourceTree = "<group>";
		};
		9B4269181F66E5F00036DBB0 /* SSSP */ = {
			isa = PBXGroup;
			children = (
				9B2ECE052178AB7B00CB1556 /* Dijkstra.swift */,
				9B2ECE032178AB7800CB1556 /* BFS.swift */,
				9B2ECE012178AB7100CB1556 /* BellmanFord.swift */,
			);
			name = SSSP;
			path = "New Group";
			sourceTree = "<group>";
		};
		9B52E6A61F5EBDF000CC630B /* HeapSort */ = {
			isa = PBXGroup;
			children = (
				9B52E6A71F5EBE3E00CC630B /* SCHeapSort.swift */,
				9B52E6A91F5EC02400CC630B /* SCHeapSort.c */,
				9B52E6B91F5ED2A300CC630B /* SCHeapSort.java */,
			);
			path = HeapSort;
			sourceTree = "<group>";
		};
		9B59B9C21F5E9B9D006524B4 /* SelectionSort */ = {
			isa = PBXGroup;
			children = (
				9B59B9C31F5E9BC0006524B4 /* SCSelectionSort.swift */,
				9B59B9C61F5E9C57006524B4 /* SCSelectionSort.c */,
				9B52E6AF1F5EC46500CC630B /* SCSelectionSort.java */,
			);
			path = SelectionSort;
			sourceTree = "<group>";
		};
		9B59B9C91F5EAE3C006524B4 /* BubbleSort */ = {
			isa = PBXGroup;
			children = (
				9B59B9CA1F5EAE74006524B4 /* SCBubbleSort.swift */,
				9B59B9CC1F5EAF9A006524B4 /* SCBubbleSort.c */,
				9B52E6B31F5ECE0800CC630B /* SCBubbleSort.java */,
			);
			path = BubbleSort;
			sourceTree = "<group>";
		};
		9B59B9D01F5EAFF0006524B4 /* QuickSort */ = {
			isa = PBXGroup;
			children = (
				9B59B9D11F5EB01C006524B4 /* SCQuickSort.swift */,
				9B59B9D31F5EB57F006524B4 /* SCQuickSort.c */,
				9B52E6B51F5ED05F00CC630B /* SCQuickSort.java */,
			);
			path = QuickSort;
			sourceTree = "<group>";
		};
		9B59B9D91F5EB6BD006524B4 /* MergeSort */ = {
			isa = PBXGroup;
			children = (
				9B59B9D71F5EB6B2006524B4 /* SCMergeSort.swift */,
				9B52E6A21F5EBBFE00CC630B /* SCMergeSort.c */,
				9B52E6B71F5ED21E00CC630B /* SCMergeSort.java */,
			);
			path = MergeSort;
			sourceTree = "<group>";
		};
		9B5B67991F5FFF1F00D73882 /* Shared Views */ = {
			isa = PBXGroup;
			children = (
				9B76396A1F66C76600926C8F /* CodeView */,
				9B7639691F66C75500926C8F /* SettingsView */,
				9BA0E3511F5DBEBA0074909C /* DragView.swift */,
			);
			name = "Shared Views";
			path = "Graph/Shared Views";
			sourceTree = "<group>";
		};
		9B6C9B701F594FB700F812EB = {
			isa = PBXGroup;
			children = (
				9B6C9B7B1F594FB700F812EB /* Algorithms */,
				9B2ECDF82178918F00CB1556 /* AlgorithmsTests */,
				9B6C9B7A1F594FB700F812EB /* Products */,
				B71B1361758B0E2788481AE1 /* Pods */,
				416D4BD9D9BD23D5DABB6D08 /* Frameworks */,
			);
			sourceTree = "<group>";
		};
		9B6C9B7A1F594FB700F812EB /* Products */ = {
			isa = PBXGroup;
			children = (
				9B6C9B791F594FB700F812EB /* Algorithms.app */,
				9B2ECDF72178918E00CB1556 /* AlgorithmsTests.xctest */,
			);
			name = Products;
			sourceTree = "<group>";
		};
		9B6C9B7B1F594FB700F812EB /* Algorithms */ = {
			isa = PBXGroup;
			children = (
				9B6C9B7C1F594FB700F812EB /* AppDelegate.swift */,
				9B6C9B801F594FB700F812EB /* Main.storyboard */,
				9B6C9B831F594FB700F812EB /* Assets.xcassets */,
				9B6C9B851F594FB700F812EB /* LaunchScreen.storyboard */,
				9B6C9B881F594FB700F812EB /* Info.plist */,
				9B2ECDF1217876C800CB1556 /* TabBarController.swift */,
				9B6C9BBA1F5957D600F812EB /* Sorting */,
				9B6C9BBB1F5957EE00F812EB /* Graph */,
				9B5B67991F5FFF1F00D73882 /* Shared Views */,
				9BB5B7471F5DA10E00975E1D /* Source Code Algorithms */,
				9BE5BB0E1F59782300918A17 /* Small Stuff */,
			);
			path = Algorithms;
			sourceTree = "<group>";
		};
		9B6C9BBA1F5957D600F812EB /* Sorting */ = {
			isa = PBXGroup;
			children = (
				9B6C9BBC1F59581100F812EB /* Sorting.storyboard */,
				9B6C9BC21F5958FF00F812EB /* SortingTableViewController.swift */,
				9BC89ECA1F599F3900450DE9 /* SortingViewController.swift */,
				9B94C1901F5C0FEA0031E622 /* NumberOrder.swift */,
				9BC89ECC1F59AA5200450DE9 /* SortingViews */,
				9B3F5E121F59958C00A3D84C /* TableView Cells */,
				9B4269151F66E57B0036DBB0 /* Sorting Algorithms */,
			);
			path = Sorting;
			sourceTree = "<group>";
		};
		9B6C9BBB1F5957EE00F812EB /* Graph */ = {
			isa = PBXGroup;
			children = (
				9B6C9BBE1F59582000F812EB /* Graph.storyboard */,
				9B6C9BC01F5958EE00F812EB /* GraphTableViewController.swift */,
				9B9C67F21F5FFA0800CC7074 /* GraphViewController.swift */,
				9B89FF961F6001E500266232 /* Graph Views */,
				9B9C67F31F5FFA1B00CC7074 /* TableView Cells */,
				9B4269171F66E5C70036DBB0 /* Graph Algorithms */,
			);
			path = Graph;
			sourceTree = "<group>";
		};
		9B7639691F66C75500926C8F /* SettingsView */ = {
			isa = PBXGroup;
			children = (
				9BC89ED21F59AAE200450DE9 /* SettingsView.xib */,
				9BC89ED01F59AAB600450DE9 /* SettingsView.swift */,
				9B89FF941F60013200266232 /* SettingsViewDelegate.swift */,
			);
			path = SettingsView;
			sourceTree = "<group>";
		};
		9B76396A1F66C76600926C8F /* CodeView */ = {
			isa = PBXGroup;
			children = (
				9B996F9E1F5D5D2000DB544B /* CodeView.swift */,
				9BB5B73D1F5D664100975E1D /* SyntaxHighlightTextStorage.swift */,
				9BB5B7431F5D809400975E1D /* LanguageSyntax.plist */,
			);
			path = CodeView;
			sourceTree = "<group>";
		};
		9B89FF961F6001E500266232 /* Graph Views */ = {
			isa = PBXGroup;
			children = (
				9B0E97D01F6026A100D9B050 /* GraphView */,
				9B227C131F65644900499D33 /* ChartView */,
				9B2143231F617E4800AEFCB9 /* GraphInfoView */,
			);
			path = "Graph Views";
			sourceTree = "<group>";
		};
		9B94C1981F5C4F9E0031E622 /* SortingInfoView */ = {
			isa = PBXGroup;
			children = (
				9B996F981F5C550A00DB544B /* SortingInfoView.xib */,
				9B996F9A1F5C553300DB544B /* SortingInfoView.swift */,
			);
			name = SortingInfoView;
			sourceTree = "<group>";
		};
		9B9C67F31F5FFA1B00CC7074 /* TableView Cells */ = {
			isa = PBXGroup;
			children = (
				9B2ECE082178AD3200CB1556 /* GraphTableViewCell.swift */,
				9B2ECE072178AD3100CB1556 /* GraphTableViewCell.xib */,
			);
			name = "TableView Cells";
			path = "New Group";
			sourceTree = "<group>";
		};
		9BA0E34F1F5DAF020074909C /* Sorting */ = {
			isa = PBXGroup;
			children = (
				9BA0E3501F5DAF0B0074909C /* InsertionSort */,
				9B59B9C21F5E9B9D006524B4 /* SelectionSort */,
				9B59B9C91F5EAE3C006524B4 /* BubbleSort */,
				9B59B9D01F5EAFF0006524B4 /* QuickSort */,
				9B59B9D91F5EB6BD006524B4 /* MergeSort */,
				9B52E6A61F5EBDF000CC630B /* HeapSort */,
			);
			path = Sorting;
			sourceTree = "<group>";
		};
		9BA0E3501F5DAF0B0074909C /* InsertionSort */ = {
			isa = PBXGroup;
			children = (
				9BA0E34C1F5DAE260074909C /* SCInsertionSort.swift */,
				9BA0E3471F5DAC2E0074909C /* SCInsertionSort.c */,
				9B52E6AD1F5EC36400CC630B /* SCInsertionSort.java */,
			);
			path = InsertionSort;
			sourceTree = "<group>";
		};
		9BB5B7471F5DA10E00975E1D /* Source Code Algorithms */ = {
			isa = PBXGroup;
			children = (
				9BA0E34F1F5DAF020074909C /* Sorting */,
				9B227C0F1F655AEF00499D33 /* Graph */,
			);
			path = "Source Code Algorithms";
			sourceTree = "<group>";
		};
		9BC89ECC1F59AA5200450DE9 /* SortingViews */ = {
			isa = PBXGroup;
			children = (
				9BC89ECE1F59AA8100450DE9 /* SortingView */,
				9B94C1981F5C4F9E0031E622 /* SortingInfoView */,
			);
			name = SortingViews;
			sourceTree = "<group>";
		};
		9BC89ECE1F59AA8100450DE9 /* SortingView */ = {
			isa = PBXGroup;
			children = (
				9B8361431F59C25A003F700E /* SortingView.swift */,
			);
			name = SortingView;
			sourceTree = "<group>";
		};
		9BE5BB0E1F59782300918A17 /* Small Stuff */ = {
			isa = PBXGroup;
			children = (
				9B5A1B511F628434002AD785 /* AlgorithmInterface.swift */,
				9B59B9C01F5E8FA5006524B4 /* Languages.swift */,
				9BB5B7451F5D838E00975E1D /* UIColorExtension.swift */,
				9BE5BB0F1F59784500918A17 /* UIImageExtension.swift */,
			);
			name = "Small Stuff";
			sourceTree = "<group>";
		};
		B71B1361758B0E2788481AE1 /* Pods */ = {
			isa = PBXGroup;
			children = (
				4B7024F54584F98FCFF169A2 /* Pods-Algorithms.debug.xcconfig */,
				A1393224ED621E8EB41D0C5B /* Pods-Algorithms.release.xcconfig */,
				834C14D89893B0924981AE20 /* Pods-AlgorithmsTests.debug.xcconfig */,
				A2AE21D9CEBF31A26F4C522F /* Pods-AlgorithmsTests.release.xcconfig */,
			);
			name = Pods;
			sourceTree = "<group>";
		};
/* End PBXGroup section */

/* Begin PBXNativeTarget section */
		9B2ECDF62178918E00CB1556 /* AlgorithmsTests */ = {
			isa = PBXNativeTarget;
			buildConfigurationList = 9B2ECDFE2178918F00CB1556 /* Build configuration list for PBXNativeTarget "AlgorithmsTests" */;
			buildPhases = (
				9B2ECDF32178918E00CB1556 /* Sources */,
				9B2ECDF42178918E00CB1556 /* Frameworks */,
				9B2ECDF52178918E00CB1556 /* Resources */,
			);
			buildRules = (
			);
			dependencies = (
				9B2ECDFD2178918F00CB1556 /* PBXTargetDependency */,
			);
			name = AlgorithmsTests;
			productName = AlgorithmsTests;
			productReference = 9B2ECDF72178918E00CB1556 /* AlgorithmsTests.xctest */;
			productType = "com.apple.product-type.bundle.unit-test";
		};
		9B6C9B781F594FB700F812EB /* Algorithms */ = {
			isa = PBXNativeTarget;
			buildConfigurationList = 9B6C9B961F594FB800F812EB /* Build configuration list for PBXNativeTarget "Algorithms" */;
			buildPhases = (
				B312657134A05D36874494AE /* [CP] Check Pods Manifest.lock */,
				9B6C9B751F594FB700F812EB /* Sources */,
				9B6C9B761F594FB700F812EB /* Frameworks */,
				9B6C9B771F594FB700F812EB /* Resources */,
				C56C501137F8D49914F117FD /* [CP] Embed Pods Frameworks */,
				95596CC9E825E721FDDD9BA8 /* [CP] Copy Pods Resources */,
			);
			buildRules = (
			);
			dependencies = (
			);
			name = Algorithms;
			productName = Algorithms;
			productReference = 9B6C9B791F594FB700F812EB /* Algorithms.app */;
			productType = "com.apple.product-type.application";
		};
/* End PBXNativeTarget section */

/* Begin PBXProject section */
		9B6C9B711F594FB700F812EB /* Project object */ = {
			isa = PBXProject;
			attributes = {
				LastSwiftUpdateCheck = 1000;
				LastUpgradeCheck = 1000;
				ORGANIZATIONNAME = "Florian Kasten";
				TargetAttributes = {
					9B2ECDF62178918E00CB1556 = {
						CreatedOnToolsVersion = 10.0;
						ProvisioningStyle = Automatic;
						TestTargetID = 9B6C9B781F594FB700F812EB;
					};
					9B6C9B781F594FB700F812EB = {
						CreatedOnToolsVersion = 9.0;
						LastSwiftMigration = 1000;
					};
				};
			};
			buildConfigurationList = 9B6C9B741F594FB700F812EB /* Build configuration list for PBXProject "Algorithms" */;
			compatibilityVersion = "Xcode 8.0";
			developmentRegion = en;
			hasScannedForEncodings = 0;
			knownRegions = (
				en,
				Base,
			);
			mainGroup = 9B6C9B701F594FB700F812EB;
			productRefGroup = 9B6C9B7A1F594FB700F812EB /* Products */;
			projectDirPath = "";
			projectRoot = "";
			targets = (
				9B6C9B781F594FB700F812EB /* Algorithms */,
				9B2ECDF62178918E00CB1556 /* AlgorithmsTests */,
			);
		};
/* End PBXProject section */

/* Begin PBXResourcesBuildPhase section */
		9B2ECDF52178918E00CB1556 /* Resources */ = {
			isa = PBXResourcesBuildPhase;
			buildActionMask = 2147483647;
			files = (
			);
			runOnlyForDeploymentPostprocessing = 0;
		};
		9B6C9B771F594FB700F812EB /* Resources */ = {
			isa = PBXResourcesBuildPhase;
			buildActionMask = 2147483647;
			files = (
				9B7639631F66900100926C8F /* SCBFS in Resources */,
				9B7639661F66948C00926C8F /* SCBellmanFord in Resources */,
				9B6C9B871F594FB700F812EB /* LaunchScreen.storyboard in Resources */,
				9B227C151F65646300499D33 /* ChartView.xib in Resources */,
				9B0E97D21F6026DF00D9B050 /* GraphView.xib in Resources */,
				9B6C9B841F594FB700F812EB /* Assets.xcassets in Resources */,
				9B6C9BBF1F59582000F812EB /* Graph.storyboard in Resources */,
				9B996F991F5C550A00DB544B /* SortingInfoView.xib in Resources */,
				9B6C9B821F594FB700F812EB /* Main.storyboard in Resources */,
				9BB5B7441F5D809400975E1D /* LanguageSyntax.plist in Resources */,
				9BA0E34E1F5DAE4D0074909C /* SCInsertionSort.swift in Resources */,
				9BA0E3491F5DAC800074909C /* SCInsertionSort.c in Resources */,
				9B52E6B11F5EC4AF00CC630B /* SCInsertionSort.java in Resources */,
				9B59B9C51F5E9C04006524B4 /* SCSelectionSort.swift in Resources */,
				9B59B9C81F5EA6B3006524B4 /* SCSelectionSort.c in Resources */,
				9B7639681F6698B000926C8F /* SCDijkstra in Resources */,
				9B52E6B21F5EC4B100CC630B /* SCSelectionSort.java in Resources */,
				9B59B9CE1F5EAFD5006524B4 /* SCBubbleSort.swift in Resources */,
				9B59B9CF1F5EAFD8006524B4 /* SCBubbleSort.c in Resources */,
				9B52E6BB1F5ED41E00CC630B /* SCBubbleSort.java in Resources */,
				9B59B9D51F5EB5A6006524B4 /* SCQuickSort.swift in Resources */,
				9B59B9D61F5EB5A9006524B4 /* SCQuickSort.c in Resources */,
				9B52E6BC1F5ED42300CC630B /* SCQuickSort.java in Resources */,
				9B52E6A41F5EBDC200CC630B /* SCMergeSort.swift in Resources */,
				9B52E6A51F5EBDC400CC630B /* SCMergeSort.c in Resources */,
				9B52E6BD1F5ED42600CC630B /* SCMergeSort.java in Resources */,
				9B2ECE092178AD3200CB1556 /* GraphTableViewCell.xib in Resources */,
				9B52E6AB1F5EC05A00CC630B /* SCHeapSort.swift in Resources */,
				9B2143251F617E7200AEFCB9 /* GraphInfoView.xib in Resources */,
				9B52E6AC1F5EC05C00CC630B /* SCHeapSort.c in Resources */,
				9B52E6BE1F5ED42800CC630B /* SCHeapSort.java in Resources */,
				9BC89ED31F59AAE200450DE9 /* SettingsView.xib in Resources */,
				9B6C9BBD1F59581100F812EB /* Sorting.storyboard in Resources */,
				9B3F5E141F5995BB00A3D84C /* SortingTableViewCell.xib in Resources */,
			);
			runOnlyForDeploymentPostprocessing = 0;
		};
/* End PBXResourcesBuildPhase section */

/* Begin PBXShellScriptBuildPhase section */
		95596CC9E825E721FDDD9BA8 /* [CP] Copy Pods Resources */ = {
			isa = PBXShellScriptBuildPhase;
			buildActionMask = 2147483647;
			files = (
			);
			inputPaths = (
			);
			name = "[CP] Copy Pods Resources";
			outputPaths = (
			);
			runOnlyForDeploymentPostprocessing = 0;
			shellPath = /bin/sh;
			shellScript = "\"${SRCROOT}/Pods/Target Support Files/Pods-Algorithms/Pods-Algorithms-resources.sh\"\n";
			showEnvVarsInLog = 0;
		};
		B312657134A05D36874494AE /* [CP] Check Pods Manifest.lock */ = {
			isa = PBXShellScriptBuildPhase;
			buildActionMask = 2147483647;
			files = (
			);
			inputPaths = (
				"${PODS_PODFILE_DIR_PATH}/Podfile.lock",
				"${PODS_ROOT}/Manifest.lock",
			);
			name = "[CP] Check Pods Manifest.lock";
			outputPaths = (
				"$(DERIVED_FILE_DIR)/Pods-Algorithms-checkManifestLockResult.txt",
			);
			runOnlyForDeploymentPostprocessing = 0;
			shellPath = /bin/sh;
			shellScript = "diff \"${PODS_PODFILE_DIR_PATH}/Podfile.lock\" \"${PODS_ROOT}/Manifest.lock\" > /dev/null\nif [ $? != 0 ] ; then\n    # print error to STDERR\n    echo \"error: The sandbox is not in sync with the Podfile.lock. Run 'pod install' or update your CocoaPods installation.\" >&2\n    exit 1\nfi\n# This output is used by Xcode 'outputs' to avoid re-running this script phase.\necho \"SUCCESS\" > \"${SCRIPT_OUTPUT_FILE_0}\"\n";
			showEnvVarsInLog = 0;
		};
		C56C501137F8D49914F117FD /* [CP] Embed Pods Frameworks */ = {
			isa = PBXShellScriptBuildPhase;
			buildActionMask = 2147483647;
			files = (
			);
			inputPaths = (
				"${SRCROOT}/Pods/Target Support Files/Pods-Algorithms/Pods-Algorithms-frameworks.sh",
				"${BUILT_PRODUCTS_DIR}/PopupKit/PopupKit.framework",
			);
			name = "[CP] Embed Pods Frameworks";
			outputPaths = (
				"${TARGET_BUILD_DIR}/${FRAMEWORKS_FOLDER_PATH}/PopupKit.framework",
			);
			runOnlyForDeploymentPostprocessing = 0;
			shellPath = /bin/sh;
			shellScript = "\"${SRCROOT}/Pods/Target Support Files/Pods-Algorithms/Pods-Algorithms-frameworks.sh\"\n";
			showEnvVarsInLog = 0;
		};
/* End PBXShellScriptBuildPhase section */

/* Begin PBXSourcesBuildPhase section */
		9B2ECDF32178918E00CB1556 /* Sources */ = {
			isa = PBXSourcesBuildPhase;
			buildActionMask = 2147483647;
			files = (
				9B2ECDFA2178918F00CB1556 /* AlgorithmsTests.swift in Sources */,
			);
			runOnlyForDeploymentPostprocessing = 0;
		};
		9B6C9B751F594FB700F812EB /* Sources */ = {
			isa = PBXSourcesBuildPhase;
			buildActionMask = 2147483647;
			files = (
				9B996F9B1F5C553300DB544B /* SortingInfoView.swift in Sources */,
				9B0E97D81F6047BC00D9B050 /* Graph.swift in Sources */,
				9BE5BB1A1F597B9000918A17 /* InsertionSort.swift in Sources */,
				9B59B9C11F5E8FA5006524B4 /* Languages.swift in Sources */,
				9B8361441F59C25A003F700E /* SortingView.swift in Sources */,
				9B2ECE062178AB7C00CB1556 /* Dijkstra.swift in Sources */,
				9BA0E3521F5DBEBB0074909C /* DragView.swift in Sources */,
				9B2143271F617F1D00AEFCB9 /* GraphInfoView.swift in Sources */,
				9B0E97D41F6026F400D9B050 /* GraphView.swift in Sources */,
				9B2ECE042178AB7800CB1556 /* BFS.swift in Sources */,
				9B5A1B521F628434002AD785 /* AlgorithmInterface.swift in Sources */,
				9B3FA2E01F5AA2380076106D /* MergeSort.swift in Sources */,
				9B2ECE0A2178AD3200CB1556 /* GraphTableViewCell.swift in Sources */,
				9B94C1911F5C0FEA0031E622 /* NumberOrder.swift in Sources */,
				9BB5B73E1F5D664100975E1D /* SyntaxHighlightTextStorage.swift in Sources */,
				9BE5BB101F59784500918A17 /* UIImageExtension.swift in Sources */,
				9BE5BB1C1F597D2500918A17 /* SelectionSort.swift in Sources */,
				9BC89ECB1F599F3900450DE9 /* SortingViewController.swift in Sources */,
				9B227C171F656BC000499D33 /* ChartView.swift in Sources */,
				9B89FF931F6000B800266232 /* GraphViewController.swift in Sources */,
				9BB5B7461F5D838E00975E1D /* UIColorExtension.swift in Sources */,
				9B8312B01F616ED3009269C1 /* GraphInterface.swift in Sources */,
				9B94C18F1F5C03170031E622 /* SortSolutionStep.swift in Sources */,
				9B6C9BC11F5958EE00F812EB /* GraphTableViewController.swift in Sources */,
				9B94C1951F5C3A340031E622 /* BubbleSort.swift in Sources */,
				9B3F5E161F5996E000A3D84C /* SortingTableViewCell.swift in Sources */,
				9B6C9B7D1F594FB700F812EB /* AppDelegate.swift in Sources */,
				9B59B4701F618D1D006843A3 /* GraphSolutionStep.swift in Sources */,
				9B6C9BC31F5958FF00F812EB /* SortingTableViewController.swift in Sources */,
				9B2ECDF2217876C900CB1556 /* TabBarController.swift in Sources */,
				9B996F9F1F5D5D2000DB544B /* CodeView.swift in Sources */,
				9BE5BB161F597A9600918A17 /* SortInterface.swift in Sources */,
				9B0E97D61F6027FE00D9B050 /* VerticeView.swift in Sources */,
				9B89FF951F60013200266232 /* SettingsViewDelegate.swift in Sources */,
				9BC89ED11F59AAB600450DE9 /* SettingsView.swift in Sources */,
				9B3FA2DE1F5A9D870076106D /* QuickSort.swift in Sources */,
				9B94C1971F5C48ED0031E622 /* HeapSort.swift in Sources */,
				9B2ECE022178AB7100CB1556 /* BellmanFord.swift in Sources */,
			);
			runOnlyForDeploymentPostprocessing = 0;
		};
/* End PBXSourcesBuildPhase section */

/* Begin PBXTargetDependency section */
		9B2ECDFD2178918F00CB1556 /* PBXTargetDependency */ = {
			isa = PBXTargetDependency;
			target = 9B6C9B781F594FB700F812EB /* Algorithms */;
			targetProxy = 9B2ECDFC2178918F00CB1556 /* PBXContainerItemProxy */;
		};
/* End PBXTargetDependency section */

/* Begin PBXVariantGroup section */
		9B6C9B801F594FB700F812EB /* Main.storyboard */ = {
			isa = PBXVariantGroup;
			children = (
				9B6C9B811F594FB700F812EB /* Base */,
			);
			name = Main.storyboard;
			sourceTree = "<group>";
		};
		9B6C9B851F594FB700F812EB /* LaunchScreen.storyboard */ = {
			isa = PBXVariantGroup;
			children = (
				9B6C9B861F594FB700F812EB /* Base */,
			);
			name = LaunchScreen.storyboard;
			sourceTree = "<group>";
		};
/* End PBXVariantGroup section */

/* Begin XCBuildConfiguration section */
		9B2ECDFF2178918F00CB1556 /* Debug */ = {
			isa = XCBuildConfiguration;
			buildSettings = {
				BUNDLE_LOADER = "$(TEST_HOST)";
				CLANG_ENABLE_OBJC_WEAK = YES;
				CODE_SIGN_STYLE = Automatic;
				DEVELOPMENT_TEAM = 69656Z3792;
				INFOPLIST_FILE = AlgorithmsTests/Info.plist;
				IPHONEOS_DEPLOYMENT_TARGET = 12.0;
				LD_RUNPATH_SEARCH_PATHS = "$(inherited) @executable_path/Frameworks @loader_path/Frameworks";
				MTL_ENABLE_DEBUG_INFO = INCLUDE_SOURCE;
				MTL_FAST_MATH = YES;
				PRODUCT_BUNDLE_IDENTIFIER = flokka.AlgorithmsTests;
				PRODUCT_NAME = "$(TARGET_NAME)";
				SWIFT_VERSION = 4.2;
				TARGETED_DEVICE_FAMILY = "1,2";
				TEST_HOST = "$(BUILT_PRODUCTS_DIR)/Algorithms.app/Algorithms";
			};
			name = Debug;
		};
		9B2ECE002178918F00CB1556 /* Release */ = {
			isa = XCBuildConfiguration;
			buildSettings = {
				BUNDLE_LOADER = "$(TEST_HOST)";
				CLANG_ENABLE_OBJC_WEAK = YES;
				CODE_SIGN_STYLE = Automatic;
				DEVELOPMENT_TEAM = 69656Z3792;
				INFOPLIST_FILE = AlgorithmsTests/Info.plist;
				IPHONEOS_DEPLOYMENT_TARGET = 12.0;
				LD_RUNPATH_SEARCH_PATHS = "$(inherited) @executable_path/Frameworks @loader_path/Frameworks";
				MTL_FAST_MATH = YES;
				PRODUCT_BUNDLE_IDENTIFIER = flokka.AlgorithmsTests;
				PRODUCT_NAME = "$(TARGET_NAME)";
				SWIFT_VERSION = 4.2;
				TARGETED_DEVICE_FAMILY = "1,2";
				TEST_HOST = "$(BUILT_PRODUCTS_DIR)/Algorithms.app/Algorithms";
			};
			name = Release;
		};
		9B6C9B941F594FB800F812EB /* Debug */ = {
			isa = XCBuildConfiguration;
			buildSettings = {
				ALWAYS_SEARCH_USER_PATHS = NO;
				CLANG_ANALYZER_NONNULL = YES;
				CLANG_ANALYZER_NUMBER_OBJECT_CONVERSION = YES_AGGRESSIVE;
				CLANG_CXX_LANGUAGE_STANDARD = "gnu++14";
				CLANG_CXX_LIBRARY = "libc++";
				CLANG_ENABLE_MODULES = YES;
				CLANG_ENABLE_OBJC_ARC = YES;
				CLANG_WARN_BLOCK_CAPTURE_AUTORELEASING = YES;
				CLANG_WARN_BOOL_CONVERSION = YES;
				CLANG_WARN_COMMA = YES;
				CLANG_WARN_CONSTANT_CONVERSION = YES;
				CLANG_WARN_DEPRECATED_OBJC_IMPLEMENTATIONS = YES;
				CLANG_WARN_DIRECT_OBJC_ISA_USAGE = YES_ERROR;
				CLANG_WARN_DOCUMENTATION_COMMENTS = YES;
				CLANG_WARN_EMPTY_BODY = YES;
				CLANG_WARN_ENUM_CONVERSION = YES;
				CLANG_WARN_INFINITE_RECURSION = YES;
				CLANG_WARN_INT_CONVERSION = YES;
				CLANG_WARN_NON_LITERAL_NULL_CONVERSION = YES;
				CLANG_WARN_OBJC_IMPLICIT_RETAIN_SELF = YES;
				CLANG_WARN_OBJC_LITERAL_CONVERSION = YES;
				CLANG_WARN_OBJC_ROOT_CLASS = YES_ERROR;
				CLANG_WARN_RANGE_LOOP_ANALYSIS = YES;
				CLANG_WARN_STRICT_PROTOTYPES = YES;
				CLANG_WARN_SUSPICIOUS_MOVE = YES;
				CLANG_WARN_UNGUARDED_AVAILABILITY = YES_AGGRESSIVE;
				CLANG_WARN_UNREACHABLE_CODE = YES;
				CLANG_WARN__DUPLICATE_METHOD_MATCH = YES;
				CODE_SIGN_IDENTITY = "iPhone Developer";
				COPY_PHASE_STRIP = NO;
				DEBUG_INFORMATION_FORMAT = dwarf;
				ENABLE_STRICT_OBJC_MSGSEND = YES;
				ENABLE_TESTABILITY = YES;
				GCC_C_LANGUAGE_STANDARD = gnu11;
				GCC_DYNAMIC_NO_PIC = NO;
				GCC_NO_COMMON_BLOCKS = YES;
				GCC_OPTIMIZATION_LEVEL = 0;
				GCC_PREPROCESSOR_DEFINITIONS = (
					"DEBUG=1",
					"$(inherited)",
				);
				GCC_WARN_64_TO_32_BIT_CONVERSION = YES;
				GCC_WARN_ABOUT_RETURN_TYPE = YES_ERROR;
				GCC_WARN_UNDECLARED_SELECTOR = YES;
				GCC_WARN_UNINITIALIZED_AUTOS = YES_AGGRESSIVE;
				GCC_WARN_UNUSED_FUNCTION = YES;
				GCC_WARN_UNUSED_VARIABLE = YES;
				IPHONEOS_DEPLOYMENT_TARGET = 11.0;
				MTL_ENABLE_DEBUG_INFO = YES;
				ONLY_ACTIVE_ARCH = YES;
				SDKROOT = iphoneos;
				SWIFT_ACTIVE_COMPILATION_CONDITIONS = DEBUG;
				SWIFT_OPTIMIZATION_LEVEL = "-Onone";
			};
			name = Debug;
		};
		9B6C9B951F594FB800F812EB /* Release */ = {
			isa = XCBuildConfiguration;
			buildSettings = {
				ALWAYS_SEARCH_USER_PATHS = NO;
				CLANG_ANALYZER_NONNULL = YES;
				CLANG_ANALYZER_NUMBER_OBJECT_CONVERSION = YES_AGGRESSIVE;
				CLANG_CXX_LANGUAGE_STANDARD = "gnu++14";
				CLANG_CXX_LIBRARY = "libc++";
				CLANG_ENABLE_MODULES = YES;
				CLANG_ENABLE_OBJC_ARC = YES;
				CLANG_WARN_BLOCK_CAPTURE_AUTORELEASING = YES;
				CLANG_WARN_BOOL_CONVERSION = YES;
				CLANG_WARN_COMMA = YES;
				CLANG_WARN_CONSTANT_CONVERSION = YES;
				CLANG_WARN_DEPRECATED_OBJC_IMPLEMENTATIONS = YES;
				CLANG_WARN_DIRECT_OBJC_ISA_USAGE = YES_ERROR;
				CLANG_WARN_DOCUMENTATION_COMMENTS = YES;
				CLANG_WARN_EMPTY_BODY = YES;
				CLANG_WARN_ENUM_CONVERSION = YES;
				CLANG_WARN_INFINITE_RECURSION = YES;
				CLANG_WARN_INT_CONVERSION = YES;
				CLANG_WARN_NON_LITERAL_NULL_CONVERSION = YES;
				CLANG_WARN_OBJC_IMPLICIT_RETAIN_SELF = YES;
				CLANG_WARN_OBJC_LITERAL_CONVERSION = YES;
				CLANG_WARN_OBJC_ROOT_CLASS = YES_ERROR;
				CLANG_WARN_RANGE_LOOP_ANALYSIS = YES;
				CLANG_WARN_STRICT_PROTOTYPES = YES;
				CLANG_WARN_SUSPICIOUS_MOVE = YES;
				CLANG_WARN_UNGUARDED_AVAILABILITY = YES_AGGRESSIVE;
				CLANG_WARN_UNREACHABLE_CODE = YES;
				CLANG_WARN__DUPLICATE_METHOD_MATCH = YES;
				CODE_SIGN_IDENTITY = "iPhone Developer";
				COPY_PHASE_STRIP = NO;
				DEBUG_INFORMATION_FORMAT = "dwarf-with-dsym";
				ENABLE_NS_ASSERTIONS = NO;
				ENABLE_STRICT_OBJC_MSGSEND = YES;
				GCC_C_LANGUAGE_STANDARD = gnu11;
				GCC_NO_COMMON_BLOCKS = YES;
				GCC_WARN_64_TO_32_BIT_CONVERSION = YES;
				GCC_WARN_ABOUT_RETURN_TYPE = YES_ERROR;
				GCC_WARN_UNDECLARED_SELECTOR = YES;
				GCC_WARN_UNINITIALIZED_AUTOS = YES_AGGRESSIVE;
				GCC_WARN_UNUSED_FUNCTION = YES;
				GCC_WARN_UNUSED_VARIABLE = YES;
				IPHONEOS_DEPLOYMENT_TARGET = 11.0;
				MTL_ENABLE_DEBUG_INFO = NO;
				SDKROOT = iphoneos;
				SWIFT_OPTIMIZATION_LEVEL = "-Owholemodule";
				VALIDATE_PRODUCT = YES;
			};
			name = Release;
		};
		9B6C9B971F594FB800F812EB /* Debug */ = {
			isa = XCBuildConfiguration;
			baseConfigurationReference = 4B7024F54584F98FCFF169A2 /* Pods-Algorithms.debug.xcconfig */;
			buildSettings = {
				ASSETCATALOG_COMPILER_APPICON_NAME = AppIcon;
				DEVELOPMENT_TEAM = 69656Z3792;
				INFOPLIST_FILE = Algorithms/Info.plist;
				LD_RUNPATH_SEARCH_PATHS = "$(inherited) @executable_path/Frameworks";
				OTHER_LDFLAGS = "";
				PRODUCT_BUNDLE_IDENTIFIER = com.flokka.Algorithms;
				PRODUCT_NAME = "$(TARGET_NAME)";
				SWIFT_VERSION = 4.2;
				TARGETED_DEVICE_FAMILY = "1,2";
			};
			name = Debug;
		};
		9B6C9B981F594FB800F812EB /* Release */ = {
			isa = XCBuildConfiguration;
			baseConfigurationReference = A1393224ED621E8EB41D0C5B /* Pods-Algorithms.release.xcconfig */;
			buildSettings = {
				ASSETCATALOG_COMPILER_APPICON_NAME = AppIcon;
				DEVELOPMENT_TEAM = 69656Z3792;
				INFOPLIST_FILE = Algorithms/Info.plist;
				LD_RUNPATH_SEARCH_PATHS = "$(inherited) @executable_path/Frameworks";
				OTHER_LDFLAGS = "";
				PRODUCT_BUNDLE_IDENTIFIER = com.flokka.Algorithms;
				PRODUCT_NAME = "$(TARGET_NAME)";
				SWIFT_VERSION = 4.2;
				TARGETED_DEVICE_FAMILY = "1,2";
			};
			name = Release;
		};
/* End XCBuildConfiguration section */

/* Begin XCConfigurationList section */
		9B2ECDFE2178918F00CB1556 /* Build configuration list for PBXNativeTarget "AlgorithmsTests" */ = {
			isa = XCConfigurationList;
			buildConfigurations = (
				9B2ECDFF2178918F00CB1556 /* Debug */,
				9B2ECE002178918F00CB1556 /* Release */,
			);
			defaultConfigurationIsVisible = 0;
			defaultConfigurationName = Release;
		};
		9B6C9B741F594FB700F812EB /* Build configuration list for PBXProject "Algorithms" */ = {
			isa = XCConfigurationList;
			buildConfigurations = (
				9B6C9B941F594FB800F812EB /* Debug */,
				9B6C9B951F594FB800F812EB /* Release */,
			);
			defaultConfigurationIsVisible = 0;
			defaultConfigurationName = Release;
		};
		9B6C9B961F594FB800F812EB /* Build configuration list for PBXNativeTarget "Algorithms" */ = {
			isa = XCConfigurationList;
			buildConfigurations = (
				9B6C9B971F594FB800F812EB /* Debug */,
				9B6C9B981F594FB800F812EB /* Release */,
			);
			defaultConfigurationIsVisible = 0;
			defaultConfigurationName = Release;
		};
/* End XCConfigurationList section */
	};
	rootObject = 9B6C9B711F594FB700F812EB /* Project object */;
}
